{
  "name": "hooks",
  "version": "0.1.0",
  "lockfileVersion": 1,
  "requires": true,
  "dependencies": {
    "@material-ui/core": {
      "version": "4.12.3",
      "resolved": "https://registry.yarnpkg.com/@material-ui/core/-/core-4.12.3.tgz",
      "integrity": "sha1-gNZlyvDx8DTlI1XFRQwOOLCZ08o= sha512-sdpgI/PL56QVsEJldwEe4FFaFTLUqN+rd7sSZiRCdx2E/C7z5yK0y/khAWVBH24tXwto7I1hCzNWfJGZIYJKnw==",
      "requires": {
        "react-is": "^16.8.0 || ^17.0.0"
      },
      "dependencies": {
        "react-is": {
          "version": "17.0.2",
          "resolved": "https://registry.yarnpkg.com/react-is/-/react-is-17.0.2.tgz",
          "integrity": "sha1-5pHUqOnHiTZWVVOas3J2Kw77VPA= sha512-w2GsyukL62IJnlaff/nRegPQR94C/XXamvMWmSHRJ4y7Ts/4ocGRmTHvOs8PSE6pB3dWOrD/nueuU5sduBsQ4w=="
        }
      }
    },
    "@testing-library/jest-dom": {
      "version": "5.14.1",
      "resolved": "https://registry.yarnpkg.com/@testing-library/jest-dom/-/jest-dom-5.14.1.tgz",
      "integrity": "sha1-hQHhbx5VpV1nX+c+7O4yza3bl2Y= sha512-dfB7HVIgTNCxH22M1+KU6viG5of2ldoA5ly8Ar8xkezKHKXjRvznCdbMbqjYGgO2xjRbwnR+rR8MLUIqF3kKbQ==",
      "requires": {
        "chalk": "^3.0.0"
      },
      "dependencies": {
        "chalk": {
          "version": "3.0.0",
          "resolved": "https://registry.yarnpkg.com/chalk/-/chalk-3.0.0.tgz",
          "integrity": "sha1-P3PCv1JlkfV0zEksUeJFY0n4ROQ= sha512-4D3B6Wf41KOYRFdszmDqMCGq5VV/uMAB273JILmO+3jAlh8X4qDtdtgCR3fxtbLEMzSx22QdhnDcJvu2u1fVwg=="
        }
      }
    },
    "@testing-library/react": {
      "version": "11.2.7",
      "resolved": "https://registry.yarnpkg.com/@testing-library/react/-/react-11.2.7.tgz",
      "integrity": "sha1-sp4ulcZ2XIFXhsC8HVrtnLK/eBg= sha512-tzRNp7pzd5QmbtXNG/mhdcl7Awfu/Iz1RaVHY75zTdOkmHCuzMhRL83gWHSgOAcjS3CCbyfwUHMZgRJb4kAfpA=="
    },
    "@testing-library/user-event": {
      "version": "12.8.3",
      "resolved": "https://registry.yarnpkg.com/@testing-library/user-event/-/user-event-12.8.3.tgz",
      "integrity": "sha1-GqPtS595NAoeGDa8f1fFAeg4cEo= sha512-IR0iWbFkgd56Bu5ZI/ej8yQwrkCv8Qydx6RzwbKz9faXazR/+5tvYKsZQgyXJiwgpcva127YO6JcWy7YlCfofQ=="
    },
    "fontsource-roboto": {
      "version": "4.0.0",
      "resolved": "https://registry.yarnpkg.com/fontsource-roboto/-/fontsource-roboto-4.0.0.tgz",
      "integrity": "sha1-NerNT7jZAZkFPA7smzSlf7ec2CA= sha512-zD6L8nvdWRcwSgp4ojxFchG+MPj8kXXQKDEAH9bfhbxy+lkpvpC1WgAK0lCa4dwobv+hvAe0uyHaawcgH7WH/g=="
    },
    "react": {
      "version": "17.0.2",
      "resolved": "https://registry.yarnpkg.com/react/-/react-17.0.2.tgz",
      "integrity": "sha1-0LXMUW0p6z7uOD91tihkz7aAADc= sha512-gnhPt75i/dq/z3/6q/0asP78D0u592D5L1pd7M8P+dck6Fu/jJeL6iVVK23fptSUZj8Vjf++7wXA8UNclGQcbA=="
    },
    "react-dom": {
      "version": "17.0.2",
      "resolved": "https://registry.yarnpkg.com/react-dom/-/react-dom-17.0.2.tgz",
      "integrity": "sha1-7P+2hF462Nv83EmPDQqTlzZQLCM= sha512-s4h96KtLDUQlsENhMn1ar8t2bEa+q/YAtj8pPPdIjPDGBDIVNsrD9aXNWqspUe6AzKCIG0C1HZZLqLV7qpOBGA=="
    },
    "react-scripts": {
      "version": "4.0.3",
      "resolved": "https://registry.yarnpkg.com/react-scripts/-/react-scripts-4.0.3.tgz",
      "integrity": "sha1-scr+18P6YD52KLoPGHeHlky100U= sha512-S5eO4vjUzUisvkIPB7jVsKtuH2HhWcASREYWHAQ1FP5HyCv3xgn+wpILAEWkmy+A+tTNbSZClhxjT3qz6g4L1A==",
      "requires": {
        "@babel/core": "7.12.3",
        "babel-jest": "^26.6.0",
        "babel-loader": "8.1.0",
        "babel-plugin-named-asset-import": "^0.3.7",
        "camelcase": "^6.1.0",
        "jest-resolve": "26.6.0",
        "resolve": "1.18.1",
        "semver": "7.3.2"
      },
      "dependencies": {
        "@babel/core": {
          "version": "7.12.3",
          "resolved": "https://registry.yarnpkg.com/@babel/core/-/core-7.12.3.tgz",
          "integrity": "sha1-G0NohOHjv/b7EyjcArIIdZ3pKtg= sha512-0qXcZYKZp3/6N2jKYVxZv0aNCsxTSVCiK72DTiTYZAu7sjg73W0/aynWjMbiGd87EQL4WyA8reiJVh92AVla9g==",
          "requires": {
            "json5": "^2.1.2",
            "resolve": "^1.3.2",
            "semver": "^5.4.1",
            "source-map": "^0.5.0"
          },
          "dependencies": {
            "resolve": {
              "version": "1.20.0",
              "resolved": "https://registry.yarnpkg.com/resolve/-/resolve-1.20.0.tgz",
              "integrity": "sha1-YpoBP7P3B1XW8LeTXMHCxTeLGXU= sha512-wENBPt4ySzg4ybFQW2TT1zMQucPK95HSh/nq2CFTZVOGut2+pQvSsgtda4d26YrYcr067wjbmzOG8byDPBX63A=="
            },
            "semver": {
              "version": "5.7.1",
              "resolved": "https://registry.yarnpkg.com/semver/-/semver-5.7.1.tgz",
              "integrity": "sha1-qVT5Ma66UI0we78Gnv8MAclhFvc= sha512-sauaDf/PZdVgrLTNYHRtpXa1iRiKcaebiKQ1BJdpQlWH2lCvexQdX55snPFyK7QzpudqbCI0qXFfOasHdyNDGQ=="
            }
          }
        },
        "@babel/plugin-syntax-bigint": {
          "version": "7.8.3",
          "resolved": "https://registry.yarnpkg.com/@babel/plugin-syntax-bigint/-/plugin-syntax-bigint-7.8.3.tgz",
          "integrity": "sha1-TJpvZp9dDN8bkKFnHpoUa+UwDOo= sha512-wnTnFlG+YxQm3vDxpGE57Pj0srRU4sHE/mDkt1qv2YJJSeUAec2ma4WLUnUPeKjyrfntVwe/N6dCXpU+zL3Npg=="
        },
        "@babel/plugin-syntax-import-meta": {
          "version": "7.10.4",
          "resolved": "https://registry.yarnpkg.com/@babel/plugin-syntax-import-meta/-/plugin-syntax-import-meta-7.10.4.tgz",
          "integrity": "sha1-7mATSMNw+jNNIge+FYd3SWUh/VE= sha512-Yqfm+XDx0+Prh3VSeEQCPU81yC+JWZ2pDPFSS4ZdpfZhp4MkFMaDC1UqseovEKwSUpnIL7+vK+Clp7bfh0iD7g=="
        },
        "babel-jest": {
          "version": "26.6.3",
          "resolved": "https://registry.yarnpkg.com/babel-jest/-/babel-jest-26.6.3.tgz",
          "integrity": "sha1-2H0lywA3V3oMifguV1XF0pPAEFY= sha512-pl4Q+GAVOHwvjrck6jKjvmGhnO3jHX/xuB9d27f+EJZ/6k+6nMuPjorrYp7s++bKKdANwzElBWnLWaObvTnaZA==",
          "requires": {
            "babel-preset-jest": "^26.6.2"
          }
        },
        "babel-loader": {
          "version": "8.1.0",
          "resolved": "https://registry.yarnpkg.com/babel-loader/-/babel-loader-8.1.0.tgz",
          "integrity": "sha1-xhHVESvVIJq+i5+oTD5NolJ18cM= sha512-7q7nC1tYOrqvUrN3LQK4GwSk/TQorZSOlO9C+RZDZpODgyN4ZlCqE5q9cDsyWOliN+aU9B4JX01xK9eJXowJLw==",
          "requires": {
            "loader-utils": "^1.4.0",
            "schema-utils": "^2.6.5"
          }
        },
        "babel-plugin-named-asset-import": {
          "version": "0.3.7",
          "resolved": "https://registry.yarnpkg.com/babel-plugin-named-asset-import/-/babel-plugin-named-asset-import-0.3.7.tgz",
          "integrity": "sha1-FWzVXT8SKKV2V3Q0CTevyDmAZ90= sha512-squySRkf+6JGnvjoUtDEjSREJEBirnXi9NqP6rjSYsylxQxqBTz+pkmf395i9E2zsvmYUaI40BHo6SqZUdydlw=="
        },
        "babel-preset-current-node-syntax": {
          "version": "1.0.1",
          "resolved": "https://registry.yarnpkg.com/babel-preset-current-node-syntax/-/babel-preset-current-node-syntax-1.0.1.tgz",
          "integrity": "sha1-tDmSObibKgEfndvj5PQB/EDP9zs= sha512-M7LQ0bxarkxQoN+vz5aJPsLBn77n8QgTFmo8WK0/44auK2xlCXrYcUxHFxgU7qW5Yzw/CjmLRK2uJzaCd7LvqQ==",
          "requires": {
            "@babel/plugin-syntax-bigint": "^7.8.3",
            "@babel/plugin-syntax-import-meta": "^7.8.3"
          }
        },
        "babel-preset-jest": {
          "version": "26.6.2",
          "resolved": "https://registry.yarnpkg.com/babel-preset-jest/-/babel-preset-jest-26.6.2.tgz",
          "integrity": "sha1-dHhysRcd8DIlJCZYaIHWLTF5j+4= sha512-YvdtlVm9t3k777c5NPQIv6cxFFFapys25HiUmuSgHwIZhfifweR5c5Sf5nwE3MAbfu327CYSvps8Yx6ANLyleQ==",
          "requires": {
            "babel-preset-current-node-syntax": "^1.0.0"
          }
        },
        "camelcase": {
          "version": "6.2.0",
          "resolved": "https://registry.yarnpkg.com/camelcase/-/camelcase-6.2.0.tgz",
          "integrity": "sha1-kkr4gcnVJaydh/QNlk5c6pgqGAk= sha512-c7wVvbw3f37nuobQNtgsgG9POC9qMbNuMQmTCqZv23b6MIz0fcYpBiOlv9gEN/hdLdnZTDQhg6e9Dq5M1vKvfg=="
        },
        "jest-resolve": {
          "version": "26.6.0",
          "resolved": "https://registry.yarnpkg.com/jest-resolve/-/jest-resolve-26.6.0.tgz",
          "integrity": "sha1-Bw/nFZr4ewPlD1LqXhfulbvuQOE= sha512-tRAz2bwraHufNp+CCmAD8ciyCpXCs1NQxB5EJAmtCFy6BN81loFEGWKzYu26Y62lAJJe4X4jg36Kf+NsQyiStQ==",
          "requires": {
            "resolve": "^1.17.0"
          },
          "dependencies": {
            "resolve": {
              "version": "1.20.0",
              "resolved": "https://registry.yarnpkg.com/resolve/-/resolve-1.20.0.tgz",
              "integrity": "sha1-YpoBP7P3B1XW8LeTXMHCxTeLGXU= sha512-wENBPt4ySzg4ybFQW2TT1zMQucPK95HSh/nq2CFTZVOGut2+pQvSsgtda4d26YrYcr067wjbmzOG8byDPBX63A=="
            }
          }
        },
        "json5": {
          "version": "2.2.0",
          "resolved": "https://registry.yarnpkg.com/json5/-/json5-2.2.0.tgz",
          "integrity": "sha1-Lf7+cgxrpSXZ69kJlQ8FFTFsiaM= sha512-f+8cldu7X/y7RAJurMEJmdoKXGB/X550w2Nr3tTbezL6RwEE/iMcm+tZnXeoZtKuOq6ft8+CqzEkrIgx1fPoQA=="
        },
        "loader-utils": {
          "version": "1.4.0",
          "resolved": "https://registry.yarnpkg.com/loader-utils/-/loader-utils-1.4.0.tgz",
          "integrity": "sha1-xXm140yzSxp07cbB+za/o3HVphM= sha512-qH0WSMBtn/oHuwjy/NucEgbx5dbxxnxup9s4PVXJUDHZBQY+s0NWA9rJf53RBnQZxfch7euUui7hpoAPvALZdA==",
          "requires": {
            "json5": "^1.0.1"
          },
          "dependencies": {
            "json5": {
              "version": "1.0.1",
              "resolved": "https://registry.yarnpkg.com/json5/-/json5-1.0.1.tgz",
              "integrity": "sha1-d5+wAYYE+oVOrL9iUhgNg1Q+Pb4= sha512-aKS4WQjPenRxiQsC93MNfjx+nbF4PAdYzmd/1JIj8HYzqfbu86beTuNgXDzPknWk0n0uARlyewZo4s++ES36Ow=="
            }
          }
        },
        "resolve": {
          "version": "1.18.1",
          "resolved": "https://registry.yarnpkg.com/resolve/-/resolve-1.18.1.tgz",
          "integrity": "sha1-AY/LLFsgfSpkJK7jYcWiZtqPQTA= sha512-lDfCPaMKfOJXjy0dPayzPdF1phampNWr3qFCjAu+rw/qbQmr5jWH5xN2hwh9QKfw9E5v4hwV7A+jrCmL8yjjqA=="
        },
        "schema-utils": {
          "version": "2.7.1",
          "resolved": "https://registry.yarnpkg.com/schema-utils/-/schema-utils-2.7.1.tgz",
          "integrity": "sha1-HKTzLRskxZDCA7jnpQvw6kzTlNc= sha512-SHiNtMOUGWBQJwzISiVYKu82GiV4QYGePp3odlY1tuKO7gPtphAT5R/py0fA6xtbgLL/RvtJZnU9b8s0F1q0Xg=="
        },
        "semver": {
          "version": "7.3.2",
          "resolved": "https://registry.yarnpkg.com/semver/-/semver-7.3.2.tgz",
          "integrity": "sha1-YElisFK4HtB4aq6EOJ/7pw/9OTg= sha512-OrOb32TeeambH6UrhtShmF7CRDqhL6/5XpPNp2DuRH6+9QLw/orhp72j87v8Qa1ScDkvrrBNpZcDejAirJmfXQ=="
        },
        "source-map": {
          "version": "0.5.7",
          "resolved": "https://registry.yarnpkg.com/source-map/-/source-map-0.5.7.tgz",
          "integrity": "sha1-igOdLRAh0i0eoUyA2OpGi6LvP8w="
        }
      }
    },
    "web-vitals": {
      "version": "1.1.2",
      "resolved": "https://registry.yarnpkg.com/web-vitals/-/web-vitals-1.1.2.tgz",
      "integrity": "sha1-BlNTCBaJhgliOaqEcW5otMaubRw= sha512-PFMKIY+bRSXlMxVAQ+m2aw9c/ioUYfDgrYot0YUa+/xa0sakubWhSDyxAKwzymvXVdF4CZI71g06W+mqhzu6ig=="
    }
  }
}
